
Microsoft Visual Studio Solution File, Format Version 12.00
# Visual Studio Version 17
VisualStudioVersion = 17.14.37203.1 d17.14
MinimumVisualStudioVersion = 10.0.40219.1
Project("{FAE04EC0-301F-11D3-BF4B-00C04F79EFBC}") = "CliniqueSite.Api", "CliniqueSite\CliniqueSite.Api.csproj", "{A0D87078-B72B-4394-AB42-17BD842101FC}"
EndProject
Project("{2150E333-8FDC-42A3-9474-1A3956D46DE8}") = "tests", "tests", "{02EA681E-C7D8-13C7-8484-4AC65E1B71E8}"
EndProject
Project("{2150E333-8FDC-42A3-9474-1A3956D46DE8}") = "src", "src", "{13B644D8-9DDB-4FE7-8B63-B05136CE40C7}"
EndProject
Project("{FAE04EC0-301F-11D3-BF4B-00C04F79EFBC}") = "CliniqueSite.Domain", "CliniqueSite.Domain\CliniqueSite.Domain.csproj", "{2265F4FC-0BF8-4ECC-892C-4C55C71D08E5}"
EndProject
Project("{FAE04EC0-301F-11D3-BF4B-00C04F79EFBC}") = "CliniqueSite.Application", "CliniqueSite.Application\CliniqueSite.Application.csproj", "{2C4C7F9E-2136-4D0B-AA4D-5B3D708FE66D}"
EndProject
Project("{FAE04EC0-301F-11D3-BF4B-00C04F79EFBC}") = "CliniqueSite.Infrastructure", "CliniqueSite.Infrastructure\CliniqueSite.Infrastructure.csproj", "{56C9101B-74EB-4B12-95ED-885EAC3EF81D}"
EndProject
Project("{FAE04EC0-301F-11D3-BF4B-00C04F79EFBC}") = "CliniqueSite.Tests", "CliniqueSite.Tests\CliniqueSite.Tests.csproj", "{3FFF5CAC-B692-4A73-8166-69327AB9BDA4}"
EndProject
Global
	GlobalSection(SolutionConfigurationPlatforms) = preSolution
		Debug|Any CPU = Debug|Any CPU
		Release|Any CPU = Release|Any CPU
	EndGlobalSection
	GlobalSection(ProjectConfigurationPlatforms) = postSolution
		{A0D87078-B72B-4394-AB42-17BD842101FC}.Debug|Any CPU.ActiveCfg = Debug|Any CPU
		{A0D87078-B72B-4394-AB42-17BD842101FC}.Debug|Any CPU.Build.0 = Debug|Any CPU
		{A0D87078-B72B-4394-AB42-17BD842101FC}.Release|Any CPU.ActiveCfg = Release|Any CPU
		{A0D87078-B72B-4394-AB42-17BD842101FC}.Release|Any CPU.Build.0 = Release|Any CPU
		{2265F4FC-0BF8-4ECC-892C-4C55C71D08E5}.Debug|Any CPU.ActiveCfg = Debug|Any CPU
		{2265F4FC-0BF8-4ECC-892C-4C55C71D08E5}.Debug|Any CPU.Build.0 = Debug|Any CPU
		{2265F4FC-0BF8-4ECC-892C-4C55C71D08E5}.Release|Any CPU.ActiveCfg = Release|Any CPU
		{2265F4FC-0BF8-4ECC-892C-4C55C71D08E5}.Release|Any CPU.Build.0 = Release|Any CPU
		{2C4C7F9E-2136-4D0B-AA4D-5B3D708FE66D}.Debug|Any CPU.ActiveCfg = Debug|Any CPU
		{2C4C7F9E-2136-4D0B-AA4D-5B3D708FE66D}.Debug|Any CPU.Build.0 = Debug|Any CPU
		{2C4C7F9E-2136-4D0B-AA4D-5B3D708FE66D}.Release|Any CPU.ActiveCfg = Release|Any CPU
		{2C4C7F9E-2136-4D0B-AA4D-5B3D708FE66D}.Release|Any CPU.Build.0 = Release|Any CPU
		{56C9101B-74EB-4B12-95ED-885EAC3EF81D}.Debug|Any CPU.ActiveCfg = Debug|Any CPU
		{56C9101B-74EB-4B12-95ED-885EAC3EF81D}.Debug|Any CPU.Build.0 = Debug|Any CPU
		{56C9101B-74EB-4B12-95ED-885EAC3EF81D}.Release|Any CPU.ActiveCfg = Release|Any CPU
		{56C9101B-74EB-4B12-95ED-885EAC3EF81D}.Release|Any CPU.Build.0 = Release|Any CPU
		{3FFF5CAC-B692-4A73-8166-69327AB9BDA4}.Debug|Any CPU.ActiveCfg = Debug|Any CPU
		{3FFF5CAC-B692-4A73-8166-69327AB9BDA4}.Debug|Any CPU.Build.0 = Debug|Any CPU
		{3FFF5CAC-B692-4A73-8166-69327AB9BDA4}.Release|Any CPU.ActiveCfg = Release|Any CPU
		{3FFF5CAC-B692-4A73-8166-69327AB9BDA4}.Release|Any CPU.Build.0 = Release|Any CPU
	EndGlobalSection
	GlobalSection(SolutionProperties) = preSolution
		HideSolutionNode = FALSE
	EndGlobalSection
	GlobalSection(NestedProjects) = preSolution
		{A0D87078-B72B-4394-AB42-17BD842101FC} = {13B644D8-9DDB-4FE7-8B63-B05136CE40C7}
		{2265F4FC-0BF8-4ECC-892C-4C55C71D08E5} = {13B644D8-9DDB-4FE7-8B63-B05136CE40C7}
		{2C4C7F9E-2136-4D0B-AA4D-5B3D708FE66D} = {13B644D8-9DDB-4FE7-8B63-B05136CE40C7}
		{56C9101B-74EB-4B12-95ED-885EAC3EF81D} = {13B644D8-9DDB-4FE7-8B63-B05136CE40C7}
		{3FFF5CAC-B692-4A73-8166-69327AB9BDA4} = {02EA681E-C7D8-13C7-8484-4AC65E1B71E8}
	EndGlobalSection
	GlobalSection(ExtensibilityGlobals) = postSolution
		SolutionGuid = {273DD42B-D40C-4BE1-B9A8-E9868EC3FB39}
	EndGlobalSection
EndGlobal
